
Microsoft Visual Studio Solution File, Format Version 11.00
# Visual Studio 2010
Project("{FAE04EC0-301F-11D3-BF4B-00C04F79EFBC}") = "bms", "bms.csproj", "{90B3A2AD-3D8B-48A7-820E-5438D2786B4D}"
EndProject
Project("{FAE04EC0-301F-11D3-BF4B-00C04F79EFBC}") = "TestProject", "TestProject\TestProject.csproj", "{2D2A3162-C06C-40D4-AA20-4841E7D34880}"
EndProject
Project("{2150E333-8FDC-42A3-9474-1A3956D46DE8}") = "Solution Items", "Solution Items", "{F1741FFA-EECC-4D03-967A-5462A392BA09}"
	ProjectSection(SolutionItems) = preProject
		bms.vsmdi = bms.vsmdi
		Local.testsettings = Local.testsettings
		TraceAndTestImpact.testsettings = TraceAndTestImpact.testsettings
	EndProjectSection
EndProject
Global
	GlobalSection(TestCaseManagementSettings) = postSolution
		CategoryFile = bms.vsmdi
	EndGlobalSection
	GlobalSection(SolutionConfigurationPlatforms) = preSolution
		Debug|Any CPU = Debug|Any CPU
		Debug|Mixed Platforms = Debug|Mixed Platforms
		Debug|x86 = Debug|x86
		Release|Any CPU = Release|Any CPU
		Release|Mixed Platforms = Release|Mixed Platforms
		Release|x86 = Release|x86
	EndGlobalSection
	GlobalSection(ProjectConfigurationPlatforms) = postSolution
		{90B3A2AD-3D8B-48A7-820E-5438D2786B4D}.Debug|Any CPU.ActiveCfg = Debug|x86
		{90B3A2AD-3D8B-48A7-820E-5438D2786B4D}.Debug|Mixed Platforms.ActiveCfg = Debug|x86
		{90B3A2AD-3D8B-48A7-820E-5438D2786B4D}.Debug|Mixed Platforms.Build.0 = Debug|x86
		{90B3A2AD-3D8B-48A7-820E-5438D2786B4D}.Debug|x86.ActiveCfg = Debug|x86
		{90B3A2AD-3D8B-48A7-820E-5438D2786B4D}.Debug|x86.Build.0 = Debug|x86
		{90B3A2AD-3D8B-48A7-820E-5438D2786B4D}.Release|Any CPU.ActiveCfg = Release|x86
		{90B3A2AD-3D8B-48A7-820E-5438D2786B4D}.Release|Mixed Platforms.ActiveCfg = Release|x86
		{90B3A2AD-3D8B-48A7-820E-5438D2786B4D}.Release|Mixed Platforms.Build.0 = Release|x86
		{90B3A2AD-3D8B-48A7-820E-5438D2786B4D}.Release|x86.ActiveCfg = Release|x86
		{90B3A2AD-3D8B-48A7-820E-5438D2786B4D}.Release|x86.Build.0 = Release|x86
		{2D2A3162-C06C-40D4-AA20-4841E7D34880}.Debug|Any CPU.ActiveCfg = Debug|Any CPU
		{2D2A3162-C06C-40D4-AA20-4841E7D34880}.Debug|Any CPU.Build.0 = Debug|Any CPU
		{2D2A3162-C06C-40D4-AA20-4841E7D34880}.Debug|Mixed Platforms.ActiveCfg = Debug|Any CPU
		{2D2A3162-C06C-40D4-AA20-4841E7D34880}.Debug|Mixed Platforms.Build.0 = Debug|Any CPU
		{2D2A3162-C06C-40D4-AA20-4841E7D34880}.Debug|x86.ActiveCfg = Debug|Any CPU
		{2D2A3162-C06C-40D4-AA20-4841E7D34880}.Release|Any CPU.ActiveCfg = Release|Any CPU
		{2D2A3162-C06C-40D4-AA20-4841E7D34880}.Release|Any CPU.Build.0 = Release|Any CPU
		{2D2A3162-C06C-40D4-AA20-4841E7D34880}.Release|Mixed Platforms.ActiveCfg = Release|Any CPU
		{2D2A3162-C06C-40D4-AA20-4841E7D34880}.Release|Mixed Platforms.Build.0 = Release|Any CPU
		{2D2A3162-C06C-40D4-AA20-4841E7D34880}.Release|x86.ActiveCfg = Release|Any CPU
	EndGlobalSection
	GlobalSection(SolutionProperties) = preSolution
		HideSolutionNode = FALSE
	EndGlobalSection
EndGlobal
